<?xml version="1.0" encoding="UTF-8"?>
<Project ToolsVersion="14.0" xmlns="http://schemas.microsoft.com/developer/msbuild/2003">
  <ItemGroup>
    <ClCompile Include="C:\Users\Eraldo.rangel\Source\Repos\CInform\AppMatch\src\Block\BlockInstance.cpp">
      <Filter>Source Files</Filter>
    </ClCompile>
    <ClCompile Include="C:\Users\Eraldo.rangel\Source\Repos\CInform\AppMatch\src\Block\BlockInterpreter.cpp">
      <Filter>Source Files</Filter>
    </ClCompile>
    <ClCompile Include="C:\Users\Eraldo.rangel\Source\Repos\CInform\AppMatch\src\Block\BlockisSame.cpp">
      <Filter>Source Files</Filter>
    </ClCompile>
    <ClCompile Include="C:\Users\Eraldo.rangel\Source\Repos\CInform\AppMatch\src\Block\BlockTypeEnum.cpp">
      <Filter>Source Files</Filter>
    </ClCompile>
    <ClCompile Include="C:\Users\Eraldo.rangel\Source\Repos\CInform\AppMatch\src\Block\CBlockAction.cpp">
      <Filter>Source Files</Filter>
    </ClCompile>
    <ClCompile Include="C:\Users\Eraldo.rangel\Source\Repos\CInform\AppMatch\src\Block\CBlockCommand.cpp">
      <Filter>Source Files</Filter>
    </ClCompile>
    <ClCompile Include="C:\Users\Eraldo.rangel\Source\Repos\CInform\AppMatch\src\Block\CBlockCompostion.cpp">
      <Filter>Source Files</Filter>
    </ClCompile>
    <ClCompile Include="C:\Users\Eraldo.rangel\Source\Repos\CInform\AppMatch\src\Block\CBlockDecideIf.cpp">
      <Filter>Source Files</Filter>
    </ClCompile>
    <ClCompile Include="C:\Users\Eraldo.rangel\Source\Repos\CInform\AppMatch\src\Block\CBlockDumpValues.cpp">
      <Filter>Source Files</Filter>
    </ClCompile>
    <ClCompile Include="C:\Users\Eraldo.rangel\Source\Repos\CInform\AppMatch\src\Block\CBlockNumber.cpp">
      <Filter>Source Files</Filter>
    </ClCompile>
    <ClCompile Include="C:\Users\Eraldo.rangel\Source\Repos\CInform\AppMatch\src\Block\CBlockSerialize.cpp">
      <Filter>Source Files</Filter>
    </ClCompile>
    <ClCompile Include="C:\Users\Eraldo.rangel\Source\Repos\CInform\AppMatch\src\Block\dynamicCast.cpp">
      <Filter>Source Files</Filter>
    </ClCompile>
    <ClCompile Include="C:\Users\Eraldo.rangel\Source\Repos\CInform\AppMatch\src\Block\save_ctx.cpp">
      <Filter>Source Files</Filter>
    </ClCompile>
    <ClCompile Include="C:\Users\Eraldo.rangel\Source\Repos\CInform\AppMatch\src\Block\sharedCast.cpp">
      <Filter>Source Files</Filter>
    </ClCompile>
    <ClCompile Include="C:\Users\Eraldo.rangel\Source\Repos\CInform\AppMatch\src\Block\store_tp.cpp">
      <Filter>Source Files</Filter>
    </ClCompile>
  </ItemGroup>
  <ItemGroup>
    <CustomBuild Include="C:\Users\Eraldo.rangel\Source\Repos\CInform\CMakeLists.txt" />
  </ItemGroup>
  <ItemGroup>
    <Filter Include="Source Files">
      <UniqueIdentifier>{202F6933-043C-3E01-943E-7CEC4845894F}</UniqueIdentifier>
    </Filter>
  </ItemGroup>
</Project>
