Microsoft Visual Studio Solution File, Format Version 12.00
# Visual Studio 14
Project("{8BC9CEB8-8B4A-11D0-8D11-00A0C91BC942}") = "ALL_BUILD", "ALL_BUILD.vcxproj", "{120A03B2-6EA2-349F-B8F7-B36D35746F2F}"
	ProjectSection(ProjectDependencies) = postProject
		{F7C86803-1E64-3DD7-BC8D-A1B61E1C0EF0} = {F7C86803-1E64-3DD7-BC8D-A1B61E1C0EF0}
		{B88D4E25-A258-34A1-880A-6302A6430D47} = {B88D4E25-A258-34A1-880A-6302A6430D47}
		{1E5B4E28-3769-353F-89A1-9640B96DCA04} = {1E5B4E28-3769-353F-89A1-9640B96DCA04}
		{E01A1991-3AE2-33EE-9326-EDF3566A4F2D} = {E01A1991-3AE2-33EE-9326-EDF3566A4F2D}
		{F45D1DD5-8E98-30E0-A110-E44C5D12C59A} = {F45D1DD5-8E98-30E0-A110-E44C5D12C59A}
		{76B7C14C-AE7E-304D-88FD-4FA3546793A4} = {76B7C14C-AE7E-304D-88FD-4FA3546793A4}
		{D61E9EED-6CDC-33A0-A494-AA6F244E6C12} = {D61E9EED-6CDC-33A0-A494-AA6F244E6C12}
	EndProjectSection
EndProject
Project("{8BC9CEB8-8B4A-11D0-8D11-00A0C91BC942}") = "BaseLibrary", "BaseLibrary.vcxproj", "{F7C86803-1E64-3DD7-BC8D-A1B61E1C0EF0}"
	ProjectSection(ProjectDependencies) = postProject
		{76B7C14C-AE7E-304D-88FD-4FA3546793A4} = {76B7C14C-AE7E-304D-88FD-4FA3546793A4}
	EndProjectSection
EndProject
Project("{8BC9CEB8-8B4A-11D0-8D11-00A0C91BC942}") = "BlockLibrary", "BlockLibrary.vcxproj", "{B88D4E25-A258-34A1-880A-6302A6430D47}"
	ProjectSection(ProjectDependencies) = postProject
		{76B7C14C-AE7E-304D-88FD-4FA3546793A4} = {76B7C14C-AE7E-304D-88FD-4FA3546793A4}
	EndProjectSection
EndProject
Project("{8BC9CEB8-8B4A-11D0-8D11-00A0C91BC942}") = "CInformCompiler", "CInformCompiler.vcxproj", "{1E5B4E28-3769-353F-89A1-9640B96DCA04}"
	ProjectSection(ProjectDependencies) = postProject
		{F7C86803-1E64-3DD7-BC8D-A1B61E1C0EF0} = {F7C86803-1E64-3DD7-BC8D-A1B61E1C0EF0}
		{B88D4E25-A258-34A1-880A-6302A6430D47} = {B88D4E25-A258-34A1-880A-6302A6430D47}
		{F45D1DD5-8E98-30E0-A110-E44C5D12C59A} = {F45D1DD5-8E98-30E0-A110-E44C5D12C59A}
		{76B7C14C-AE7E-304D-88FD-4FA3546793A4} = {76B7C14C-AE7E-304D-88FD-4FA3546793A4}
	EndProjectSection
EndProject
Project("{8BC9CEB8-8B4A-11D0-8D11-00A0C91BC942}") = "CInformInterpreter", "CInformInterpreter.vcxproj", "{E01A1991-3AE2-33EE-9326-EDF3566A4F2D}"
	ProjectSection(ProjectDependencies) = postProject
		{F7C86803-1E64-3DD7-BC8D-A1B61E1C0EF0} = {F7C86803-1E64-3DD7-BC8D-A1B61E1C0EF0}
		{B88D4E25-A258-34A1-880A-6302A6430D47} = {B88D4E25-A258-34A1-880A-6302A6430D47}
		{76B7C14C-AE7E-304D-88FD-4FA3546793A4} = {76B7C14C-AE7E-304D-88FD-4FA3546793A4}
		{D61E9EED-6CDC-33A0-A494-AA6F244E6C12} = {D61E9EED-6CDC-33A0-A494-AA6F244E6C12}
	EndProjectSection
EndProject
Project("{8BC9CEB8-8B4A-11D0-8D11-00A0C91BC942}") = "ParseLibrary", "ParseLibrary.vcxproj", "{F45D1DD5-8E98-30E0-A110-E44C5D12C59A}"
	ProjectSection(ProjectDependencies) = postProject
		{76B7C14C-AE7E-304D-88FD-4FA3546793A4} = {76B7C14C-AE7E-304D-88FD-4FA3546793A4}
	EndProjectSection
EndProject
Project("{8BC9CEB8-8B4A-11D0-8D11-00A0C91BC942}") = "ZERO_CHECK", "ZERO_CHECK.vcxproj", "{76B7C14C-AE7E-304D-88FD-4FA3546793A4}"
	ProjectSection(ProjectDependencies) = postProject
	EndProjectSection
EndProject
Project("{8BC9CEB8-8B4A-11D0-8D11-00A0C91BC942}") = "interpreterRuntimeLibrary", "interpreterRuntimeLibrary.vcxproj", "{D61E9EED-6CDC-33A0-A494-AA6F244E6C12}"
	ProjectSection(ProjectDependencies) = postProject
		{76B7C14C-AE7E-304D-88FD-4FA3546793A4} = {76B7C14C-AE7E-304D-88FD-4FA3546793A4}
	EndProjectSection
EndProject
Global
	GlobalSection(SolutionConfigurationPlatforms) = preSolution
		Debug|Win32 = Debug|Win32
		Release|Win32 = Release|Win32
		MinSizeRel|Win32 = MinSizeRel|Win32
		RelWithDebInfo|Win32 = RelWithDebInfo|Win32
	EndGlobalSection
	GlobalSection(ProjectConfigurationPlatforms) = postSolution
		{120A03B2-6EA2-349F-B8F7-B36D35746F2F}.Debug|Win32.ActiveCfg = Debug|Win32
		{120A03B2-6EA2-349F-B8F7-B36D35746F2F}.Release|Win32.ActiveCfg = Release|Win32
		{120A03B2-6EA2-349F-B8F7-B36D35746F2F}.MinSizeRel|Win32.ActiveCfg = MinSizeRel|Win32
		{120A03B2-6EA2-349F-B8F7-B36D35746F2F}.RelWithDebInfo|Win32.ActiveCfg = RelWithDebInfo|Win32
		{F7C86803-1E64-3DD7-BC8D-A1B61E1C0EF0}.Debug|Win32.ActiveCfg = Debug|Win32
		{F7C86803-1E64-3DD7-BC8D-A1B61E1C0EF0}.Debug|Win32.Build.0 = Debug|Win32
		{F7C86803-1E64-3DD7-BC8D-A1B61E1C0EF0}.Release|Win32.ActiveCfg = Release|Win32
		{F7C86803-1E64-3DD7-BC8D-A1B61E1C0EF0}.Release|Win32.Build.0 = Release|Win32
		{F7C86803-1E64-3DD7-BC8D-A1B61E1C0EF0}.MinSizeRel|Win32.ActiveCfg = MinSizeRel|Win32
		{F7C86803-1E64-3DD7-BC8D-A1B61E1C0EF0}.MinSizeRel|Win32.Build.0 = MinSizeRel|Win32
		{F7C86803-1E64-3DD7-BC8D-A1B61E1C0EF0}.RelWithDebInfo|Win32.ActiveCfg = RelWithDebInfo|Win32
		{F7C86803-1E64-3DD7-BC8D-A1B61E1C0EF0}.RelWithDebInfo|Win32.Build.0 = RelWithDebInfo|Win32
		{B88D4E25-A258-34A1-880A-6302A6430D47}.Debug|Win32.ActiveCfg = Debug|Win32
		{B88D4E25-A258-34A1-880A-6302A6430D47}.Debug|Win32.Build.0 = Debug|Win32
		{B88D4E25-A258-34A1-880A-6302A6430D47}.Release|Win32.ActiveCfg = Release|Win32
		{B88D4E25-A258-34A1-880A-6302A6430D47}.Release|Win32.Build.0 = Release|Win32
		{B88D4E25-A258-34A1-880A-6302A6430D47}.MinSizeRel|Win32.ActiveCfg = MinSizeRel|Win32
		{B88D4E25-A258-34A1-880A-6302A6430D47}.MinSizeRel|Win32.Build.0 = MinSizeRel|Win32
		{B88D4E25-A258-34A1-880A-6302A6430D47}.RelWithDebInfo|Win32.ActiveCfg = RelWithDebInfo|Win32
		{B88D4E25-A258-34A1-880A-6302A6430D47}.RelWithDebInfo|Win32.Build.0 = RelWithDebInfo|Win32
		{1E5B4E28-3769-353F-89A1-9640B96DCA04}.Debug|Win32.ActiveCfg = Debug|Win32
		{1E5B4E28-3769-353F-89A1-9640B96DCA04}.Debug|Win32.Build.0 = Debug|Win32
		{1E5B4E28-3769-353F-89A1-9640B96DCA04}.Release|Win32.ActiveCfg = Release|Win32
		{1E5B4E28-3769-353F-89A1-9640B96DCA04}.Release|Win32.Build.0 = Release|Win32
		{1E5B4E28-3769-353F-89A1-9640B96DCA04}.MinSizeRel|Win32.ActiveCfg = MinSizeRel|Win32
		{1E5B4E28-3769-353F-89A1-9640B96DCA04}.MinSizeRel|Win32.Build.0 = MinSizeRel|Win32
		{1E5B4E28-3769-353F-89A1-9640B96DCA04}.RelWithDebInfo|Win32.ActiveCfg = RelWithDebInfo|Win32
		{1E5B4E28-3769-353F-89A1-9640B96DCA04}.RelWithDebInfo|Win32.Build.0 = RelWithDebInfo|Win32
		{E01A1991-3AE2-33EE-9326-EDF3566A4F2D}.Debug|Win32.ActiveCfg = Debug|Win32
		{E01A1991-3AE2-33EE-9326-EDF3566A4F2D}.Debug|Win32.Build.0 = Debug|Win32
		{E01A1991-3AE2-33EE-9326-EDF3566A4F2D}.Release|Win32.ActiveCfg = Release|Win32
		{E01A1991-3AE2-33EE-9326-EDF3566A4F2D}.Release|Win32.Build.0 = Release|Win32
		{E01A1991-3AE2-33EE-9326-EDF3566A4F2D}.MinSizeRel|Win32.ActiveCfg = MinSizeRel|Win32
		{E01A1991-3AE2-33EE-9326-EDF3566A4F2D}.MinSizeRel|Win32.Build.0 = MinSizeRel|Win32
		{E01A1991-3AE2-33EE-9326-EDF3566A4F2D}.RelWithDebInfo|Win32.ActiveCfg = RelWithDebInfo|Win32
		{E01A1991-3AE2-33EE-9326-EDF3566A4F2D}.RelWithDebInfo|Win32.Build.0 = RelWithDebInfo|Win32
		{F45D1DD5-8E98-30E0-A110-E44C5D12C59A}.Debug|Win32.ActiveCfg = Debug|Win32
		{F45D1DD5-8E98-30E0-A110-E44C5D12C59A}.Debug|Win32.Build.0 = Debug|Win32
		{F45D1DD5-8E98-30E0-A110-E44C5D12C59A}.Release|Win32.ActiveCfg = Release|Win32
		{F45D1DD5-8E98-30E0-A110-E44C5D12C59A}.Release|Win32.Build.0 = Release|Win32
		{F45D1DD5-8E98-30E0-A110-E44C5D12C59A}.MinSizeRel|Win32.ActiveCfg = MinSizeRel|Win32
		{F45D1DD5-8E98-30E0-A110-E44C5D12C59A}.MinSizeRel|Win32.Build.0 = MinSizeRel|Win32
		{F45D1DD5-8E98-30E0-A110-E44C5D12C59A}.RelWithDebInfo|Win32.ActiveCfg = RelWithDebInfo|Win32
		{F45D1DD5-8E98-30E0-A110-E44C5D12C59A}.RelWithDebInfo|Win32.Build.0 = RelWithDebInfo|Win32
		{76B7C14C-AE7E-304D-88FD-4FA3546793A4}.Debug|Win32.ActiveCfg = Debug|Win32
		{76B7C14C-AE7E-304D-88FD-4FA3546793A4}.Debug|Win32.Build.0 = Debug|Win32
		{76B7C14C-AE7E-304D-88FD-4FA3546793A4}.Release|Win32.ActiveCfg = Release|Win32
		{76B7C14C-AE7E-304D-88FD-4FA3546793A4}.Release|Win32.Build.0 = Release|Win32
		{76B7C14C-AE7E-304D-88FD-4FA3546793A4}.MinSizeRel|Win32.ActiveCfg = MinSizeRel|Win32
		{76B7C14C-AE7E-304D-88FD-4FA3546793A4}.MinSizeRel|Win32.Build.0 = MinSizeRel|Win32
		{76B7C14C-AE7E-304D-88FD-4FA3546793A4}.RelWithDebInfo|Win32.ActiveCfg = RelWithDebInfo|Win32
		{76B7C14C-AE7E-304D-88FD-4FA3546793A4}.RelWithDebInfo|Win32.Build.0 = RelWithDebInfo|Win32
		{D61E9EED-6CDC-33A0-A494-AA6F244E6C12}.Debug|Win32.ActiveCfg = Debug|Win32
		{D61E9EED-6CDC-33A0-A494-AA6F244E6C12}.Debug|Win32.Build.0 = Debug|Win32
		{D61E9EED-6CDC-33A0-A494-AA6F244E6C12}.Release|Win32.ActiveCfg = Release|Win32
		{D61E9EED-6CDC-33A0-A494-AA6F244E6C12}.Release|Win32.Build.0 = Release|Win32
		{D61E9EED-6CDC-33A0-A494-AA6F244E6C12}.MinSizeRel|Win32.ActiveCfg = MinSizeRel|Win32
		{D61E9EED-6CDC-33A0-A494-AA6F244E6C12}.MinSizeRel|Win32.Build.0 = MinSizeRel|Win32
		{D61E9EED-6CDC-33A0-A494-AA6F244E6C12}.RelWithDebInfo|Win32.ActiveCfg = RelWithDebInfo|Win32
		{D61E9EED-6CDC-33A0-A494-AA6F244E6C12}.RelWithDebInfo|Win32.Build.0 = RelWithDebInfo|Win32
	EndGlobalSection
	GlobalSection(ExtensibilityGlobals) = postSolution
	EndGlobalSection
	GlobalSection(ExtensibilityAddIns) = postSolution
	EndGlobalSection
EndGlobal
