<?xml version="1.0" encoding="utf-8"?>
<Project ToolsVersion="4.0" xmlns="http://schemas.microsoft.com/developer/msbuild/2003">
  <ItemGroup>
    <Filter Include="Source Files">
      <UniqueIdentifier>{4FC737F1-C7A5-4376-A066-2A32D752A2FF}</UniqueIdentifier>
      <Extensions>cpp;c;cc;cxx;def;odl;idl;hpj;bat;asm;asmx</Extensions>
    </Filter>
    <Filter Include="Header Files">
      <UniqueIdentifier>{93995380-89BD-4b04-88EB-625FBE52EBFB}</UniqueIdentifier>
      <Extensions>h;hh;hpp;hxx;hm;inl;inc;xsd</Extensions>
    </Filter>
    <Filter Include="Resource Files">
      <UniqueIdentifier>{67DA6AB6-F800-4c08-8B7A-83BB121AAD01}</UniqueIdentifier>
      <Extensions>rc;ico;cur;bmp;dlg;rc2;rct;bin;rgs;gif;jpg;jpeg;jpe;resx;tiff;tif;png;wav;mfcribbon-ms</Extensions>
    </Filter>
    <Filter Include="Source Files\Testes">
      <UniqueIdentifier>{111a67e1-8cb3-4f82-9bb7-9d22d8c211d2}</UniqueIdentifier>
    </Filter>
    <Filter Include="Source Files\VM">
      <UniqueIdentifier>{1041810d-79cb-4a07-aa5d-c55346fd3f50}</UniqueIdentifier>
    </Filter>
    <Filter Include="Header Files\VM">
      <UniqueIdentifier>{f54e0ada-d03c-433a-a24d-7f827a25638e}</UniqueIdentifier>
    </Filter>
  </ItemGroup>
  <ItemGroup>
    <Text Include="ReadMe.txt" />
    <Text Include="AssertionsKinds.txt" />
  </ItemGroup>
  <ItemGroup>
    <ClInclude Include="stdafx.h">
      <Filter>Header Files</Filter>
    </ClInclude>
    <ClInclude Include="targetver.h">
      <Filter>Header Files</Filter>
    </ClInclude>
  </ItemGroup>
  <ItemGroup>
    <ClCompile Include="stdafx.cpp">
      <Filter>Source Files</Filter>
    </ClCompile>
    <ClCompile Include="testesParser.cpp">
      <Filter>Source Files\Testes</Filter>
    </ClCompile>
    <ClCompile Include="testes_1.cpp">
      <Filter>Source Files\Testes</Filter>
    </ClCompile>
    <ClCompile Include="testes_2.cpp">
      <Filter>Source Files\Testes</Filter>
    </ClCompile>
    <ClCompile Include="testes_decide.cpp">
      <Filter>Source Files\Testes</Filter>
    </ClCompile>
    <ClCompile Include="testeLista.cpp">
      <Filter>Source Files\Testes</Filter>
    </ClCompile>
    <ClCompile Include="GrammarParser.cpp">
      <Filter>Source Files</Filter>
    </ClCompile>
    <ClCompile Include="GrammarParseEn.cpp">
      <Filter>Source Files</Filter>
    </ClCompile>
    <ClCompile Include="teste_action.cpp">
      <Filter>Source Files\Testes</Filter>
    </ClCompile>
    <ClCompile Include="testes_Relation.cpp">
      <Filter>Source Files\Testes</Filter>
    </ClCompile>
    <ClCompile Include="testeSerialize.cpp">
      <Filter>Source Files\Testes</Filter>
    </ClCompile>
    <ClCompile Include="testes_execute.cpp">
      <Filter>Source Files\Testes</Filter>
    </ClCompile>
    <ClCompile Include="teste_selector.cpp">
      <Filter>Source Files\Testes</Filter>
    </ClCompile>
    <ClCompile Include="teste_verb.cpp">
      <Filter>Source Files\Testes</Filter>
    </ClCompile>
    <ClCompile Include="teste_values.cpp">
      <Filter>Source Files\Testes</Filter>
    </ClCompile>
    <ClCompile Include="teste_logical.cpp">
      <Filter>Source Files\Testes</Filter>
    </ClCompile>
    <ClCompile Include="unit_testes.cpp">
      <Filter>Source Files</Filter>
    </ClCompile>
    <ClCompile Include="teste_composition.cpp">
      <Filter>Source Files\Testes</Filter>
    </ClCompile>
    <ClCompile Include="teste_phases.cpp">
      <Filter>Source Files\Testes</Filter>
    </ClCompile>
  </ItemGroup>
</Project>